
Microsoft Visual Studio Solution File, Format Version 12.00
# Visual Studio 14
VisualStudioVersion = 14.0.25420.1
MinimumVisualStudioVersion = 10.0.40219.1
Project("{FAE04EC0-301F-11D3-BF4B-00C04F79EFBC}") = "MultiK2", "MultiK2\MultiK2.csproj", "{03EB37C6-5BDB-4AE6-9866-9D10935DC355}"
EndProject
Project("{FAE04EC0-301F-11D3-BF4B-00C04F79EFBC}") = "MultiK2Sample", "MultiK2Sample\MultiK2Sample.csproj", "{ECA9B367-7D1E-44F8-A290-4D56A5C1C886}"
EndProject
Project("{FAE04EC0-301F-11D3-BF4B-00C04F79EFBC}") = "DesktopKinect", "DesktopKinect\DesktopKinect.csproj", "{7635FD57-ACAF-4FF6-A0C1-272CF0C1E32A}"
EndProject
Project("{FAE04EC0-301F-11D3-BF4B-00C04F79EFBC}") = "MultiK2_win32", "MultiK2_win32\MultiK2_win32.csproj", "{40746371-5CDC-478E-AB38-BCC71FE27856}"
EndProject
Global
	GlobalSection(SolutionConfigurationPlatforms) = preSolution
		Debug|ARM = Debug|ARM
		Debug|x64 = Debug|x64
		Debug|x86 = Debug|x86
		Release|ARM = Release|ARM
		Release|x64 = Release|x64
		Release|x86 = Release|x86
	EndGlobalSection
	GlobalSection(ProjectConfigurationPlatforms) = postSolution
		{03EB37C6-5BDB-4AE6-9866-9D10935DC355}.Debug|ARM.ActiveCfg = Debug|ARM
		{03EB37C6-5BDB-4AE6-9866-9D10935DC355}.Debug|ARM.Build.0 = Debug|ARM
		{03EB37C6-5BDB-4AE6-9866-9D10935DC355}.Debug|x64.ActiveCfg = Debug|x64
		{03EB37C6-5BDB-4AE6-9866-9D10935DC355}.Debug|x64.Build.0 = Debug|x64
		{03EB37C6-5BDB-4AE6-9866-9D10935DC355}.Debug|x86.ActiveCfg = Debug|x86
		{03EB37C6-5BDB-4AE6-9866-9D10935DC355}.Debug|x86.Build.0 = Debug|x86
		{03EB37C6-5BDB-4AE6-9866-9D10935DC355}.Release|ARM.ActiveCfg = Release|ARM
		{03EB37C6-5BDB-4AE6-9866-9D10935DC355}.Release|ARM.Build.0 = Release|ARM
		{03EB37C6-5BDB-4AE6-9866-9D10935DC355}.Release|x64.ActiveCfg = Release|x64
		{03EB37C6-5BDB-4AE6-9866-9D10935DC355}.Release|x64.Build.0 = Release|x64
		{03EB37C6-5BDB-4AE6-9866-9D10935DC355}.Release|x86.ActiveCfg = Release|x86
		{03EB37C6-5BDB-4AE6-9866-9D10935DC355}.Release|x86.Build.0 = Release|x86
		{ECA9B367-7D1E-44F8-A290-4D56A5C1C886}.Debug|ARM.ActiveCfg = Debug|ARM
		{ECA9B367-7D1E-44F8-A290-4D56A5C1C886}.Debug|ARM.Build.0 = Debug|ARM
		{ECA9B367-7D1E-44F8-A290-4D56A5C1C886}.Debug|ARM.Deploy.0 = Debug|ARM
		{ECA9B367-7D1E-44F8-A290-4D56A5C1C886}.Debug|x64.ActiveCfg = Debug|x64
		{ECA9B367-7D1E-44F8-A290-4D56A5C1C886}.Debug|x64.Build.0 = Debug|x64
		{ECA9B367-7D1E-44F8-A290-4D56A5C1C886}.Debug|x64.Deploy.0 = Debug|x64
		{ECA9B367-7D1E-44F8-A290-4D56A5C1C886}.Debug|x86.ActiveCfg = Debug|x86
		{ECA9B367-7D1E-44F8-A290-4D56A5C1C886}.Debug|x86.Build.0 = Debug|x86
		{ECA9B367-7D1E-44F8-A290-4D56A5C1C886}.Debug|x86.Deploy.0 = Debug|x86
		{ECA9B367-7D1E-44F8-A290-4D56A5C1C886}.Release|ARM.ActiveCfg = Release|ARM
		{ECA9B367-7D1E-44F8-A290-4D56A5C1C886}.Release|ARM.Build.0 = Release|ARM
		{ECA9B367-7D1E-44F8-A290-4D56A5C1C886}.Release|ARM.Deploy.0 = Release|ARM
		{ECA9B367-7D1E-44F8-A290-4D56A5C1C886}.Release|x64.ActiveCfg = Release|x64
		{ECA9B367-7D1E-44F8-A290-4D56A5C1C886}.Release|x64.Build.0 = Release|x64
		{ECA9B367-7D1E-44F8-A290-4D56A5C1C886}.Release|x64.Deploy.0 = Release|x64
		{ECA9B367-7D1E-44F8-A290-4D56A5C1C886}.Release|x86.ActiveCfg = Release|x86
		{ECA9B367-7D1E-44F8-A290-4D56A5C1C886}.Release|x86.Build.0 = Release|x86
		{ECA9B367-7D1E-44F8-A290-4D56A5C1C886}.Release|x86.Deploy.0 = Release|x86
		{7635FD57-ACAF-4FF6-A0C1-272CF0C1E32A}.Debug|ARM.ActiveCfg = Debug|x86
		{7635FD57-ACAF-4FF6-A0C1-272CF0C1E32A}.Debug|x64.ActiveCfg = Debug|x64
		{7635FD57-ACAF-4FF6-A0C1-272CF0C1E32A}.Debug|x64.Build.0 = Debug|x64
		{7635FD57-ACAF-4FF6-A0C1-272CF0C1E32A}.Debug|x86.ActiveCfg = Debug|x86
		{7635FD57-ACAF-4FF6-A0C1-272CF0C1E32A}.Debug|x86.Build.0 = Debug|x86
		{7635FD57-ACAF-4FF6-A0C1-272CF0C1E32A}.Release|ARM.ActiveCfg = Release|x86
		{7635FD57-ACAF-4FF6-A0C1-272CF0C1E32A}.Release|x64.ActiveCfg = Release|x64
		{7635FD57-ACAF-4FF6-A0C1-272CF0C1E32A}.Release|x64.Build.0 = Release|x64
		{7635FD57-ACAF-4FF6-A0C1-272CF0C1E32A}.Release|x86.ActiveCfg = Release|x86
		{7635FD57-ACAF-4FF6-A0C1-272CF0C1E32A}.Release|x86.Build.0 = Release|x86
		{40746371-5CDC-478E-AB38-BCC71FE27856}.Debug|ARM.ActiveCfg = Debug|x86
		{40746371-5CDC-478E-AB38-BCC71FE27856}.Debug|x64.ActiveCfg = Debug|x64
		{40746371-5CDC-478E-AB38-BCC71FE27856}.Debug|x64.Build.0 = Debug|x64
		{40746371-5CDC-478E-AB38-BCC71FE27856}.Debug|x86.ActiveCfg = Debug|x86
		{40746371-5CDC-478E-AB38-BCC71FE27856}.Debug|x86.Build.0 = Debug|x86
		{40746371-5CDC-478E-AB38-BCC71FE27856}.Release|ARM.ActiveCfg = Release|x86
		{40746371-5CDC-478E-AB38-BCC71FE27856}.Release|x64.ActiveCfg = Release|x64
		{40746371-5CDC-478E-AB38-BCC71FE27856}.Release|x64.Build.0 = Release|x64
		{40746371-5CDC-478E-AB38-BCC71FE27856}.Release|x86.ActiveCfg = Release|x86
		{40746371-5CDC-478E-AB38-BCC71FE27856}.Release|x86.Build.0 = Release|x86
	EndGlobalSection
	GlobalSection(SolutionProperties) = preSolution
		HideSolutionNode = FALSE
	EndGlobalSection
EndGlobal
