
Microsoft Visual Studio Solution File, Format Version 12.00
# Visual Studio 14
VisualStudioVersion = 14.0.25420.1
MinimumVisualStudioVersion = 10.0.40219.1
Project("{FAE04EC0-301F-11D3-BF4B-00C04F79EFBC}") = "MultiK2", "MultiK2\MultiK2.csproj", "{03EB37C6-5BDB-4AE6-9866-9D10935DC355}"
EndProject
Project("{FAE04EC0-301F-11D3-BF4B-00C04F79EFBC}") = "MultiK2Sample", "MultiK2Sample\MultiK2Sample.csproj", "{ECA9B367-7D1E-44F8-A290-4D56A5C1C886}"
EndProject
Project("{FAE04EC0-301F-11D3-BF4B-00C04F79EFBC}") = "DesktopKinect", "DesktopKinect\DesktopKinect.csproj", "{7635FD57-ACAF-4FF6-A0C1-272CF0C1E32A}"
EndProject
Project("{FAE04EC0-301F-11D3-BF4B-00C04F79EFBC}") = "MultiK2_win32", "MultiK2_win32\MultiK2_win32.csproj", "{40746371-5CDC-478E-AB38-BCC71FE27856}"
EndProject
Global
	GlobalSection(SolutionConfigurationPlatforms) = preSolution
		Debug|Any CPU = Debug|Any CPU
		Debug|ARM = Debug|ARM
		Debug|x64 = Debug|x64
		Debug|x86 = Debug|x86
		Release|Any CPU = Release|Any CPU
		Release|ARM = Release|ARM
		Release|x64 = Release|x64
		Release|x86 = Release|x86
	EndGlobalSection
	GlobalSection(ProjectConfigurationPlatforms) = postSolution
		{03EB37C6-5BDB-4AE6-9866-9D10935DC355}.Debug|Any CPU.ActiveCfg = Debug|Any CPU
		{03EB37C6-5BDB-4AE6-9866-9D10935DC355}.Debug|Any CPU.Build.0 = Debug|Any CPU
		{03EB37C6-5BDB-4AE6-9866-9D10935DC355}.Debug|ARM.ActiveCfg = Debug|ARM
		{03EB37C6-5BDB-4AE6-9866-9D10935DC355}.Debug|ARM.Build.0 = Debug|ARM
		{03EB37C6-5BDB-4AE6-9866-9D10935DC355}.Debug|x64.ActiveCfg = Debug|x64
		{03EB37C6-5BDB-4AE6-9866-9D10935DC355}.Debug|x64.Build.0 = Debug|x64
		{03EB37C6-5BDB-4AE6-9866-9D10935DC355}.Debug|x86.ActiveCfg = Debug|x86
		{03EB37C6-5BDB-4AE6-9866-9D10935DC355}.Debug|x86.Build.0 = Debug|x86
		{03EB37C6-5BDB-4AE6-9866-9D10935DC355}.Release|Any CPU.ActiveCfg = Release|Any CPU
		{03EB37C6-5BDB-4AE6-9866-9D10935DC355}.Release|Any CPU.Build.0 = Release|Any CPU
		{03EB37C6-5BDB-4AE6-9866-9D10935DC355}.Release|ARM.ActiveCfg = Release|ARM
		{03EB37C6-5BDB-4AE6-9866-9D10935DC355}.Release|ARM.Build.0 = Release|ARM
		{03EB37C6-5BDB-4AE6-9866-9D10935DC355}.Release|x64.ActiveCfg = Release|x64
		{03EB37C6-5BDB-4AE6-9866-9D10935DC355}.Release|x64.Build.0 = Release|x64
		{03EB37C6-5BDB-4AE6-9866-9D10935DC355}.Release|x86.ActiveCfg = Release|x86
		{03EB37C6-5BDB-4AE6-9866-9D10935DC355}.Release|x86.Build.0 = Release|x86
		{ECA9B367-7D1E-44F8-A290-4D56A5C1C886}.Debug|Any CPU.ActiveCfg = Debug|x86
		{ECA9B367-7D1E-44F8-A290-4D56A5C1C886}.Debug|ARM.ActiveCfg = Debug|ARM
		{ECA9B367-7D1E-44F8-A290-4D56A5C1C886}.Debug|ARM.Build.0 = Debug|ARM
		{ECA9B367-7D1E-44F8-A290-4D56A5C1C886}.Debug|ARM.Deploy.0 = Debug|ARM
		{ECA9B367-7D1E-44F8-A290-4D56A5C1C886}.Debug|x64.ActiveCfg = Debug|x64
		{ECA9B367-7D1E-44F8-A290-4D56A5C1C886}.Debug|x64.Build.0 = Debug|x64
		{ECA9B367-7D1E-44F8-A290-4D56A5C1C886}.Debug|x64.Deploy.0 = Debug|x64
		{ECA9B367-7D1E-44F8-A290-4D56A5C1C886}.Debug|x86.ActiveCfg = Debug|x86
		{ECA9B367-7D1E-44F8-A290-4D56A5C1C886}.Debug|x86.Build.0 = Debug|x86
		{ECA9B367-7D1E-44F8-A290-4D56A5C1C886}.Debug|x86.Deploy.0 = Debug|x86
		{ECA9B367-7D1E-44F8-A290-4D56A5C1C886}.Release|Any CPU.ActiveCfg = Release|x86
		{ECA9B367-7D1E-44F8-A290-4D56A5C1C886}.Release|ARM.ActiveCfg = Release|ARM
		{ECA9B367-7D1E-44F8-A290-4D56A5C1C886}.Release|ARM.Build.0 = Release|ARM
		{ECA9B367-7D1E-44F8-A290-4D56A5C1C886}.Release|ARM.Deploy.0 = Release|ARM
		{ECA9B367-7D1E-44F8-A290-4D56A5C1C886}.Release|x64.ActiveCfg = Release|x64
		{ECA9B367-7D1E-44F8-A290-4D56A5C1C886}.Release|x64.Build.0 = Release|x64
		{ECA9B367-7D1E-44F8-A290-4D56A5C1C886}.Release|x64.Deploy.0 = Release|x64
		{ECA9B367-7D1E-44F8-A290-4D56A5C1C886}.Release|x86.ActiveCfg = Release|x86
		{ECA9B367-7D1E-44F8-A290-4D56A5C1C886}.Release|x86.Build.0 = Release|x86
		{ECA9B367-7D1E-44F8-A290-4D56A5C1C886}.Release|x86.Deploy.0 = Release|x86
		{7635FD57-ACAF-4FF6-A0C1-272CF0C1E32A}.Debug|Any CPU.ActiveCfg = Debug|Any CPU
		{7635FD57-ACAF-4FF6-A0C1-272CF0C1E32A}.Debug|Any CPU.Build.0 = Debug|Any CPU
		{7635FD57-ACAF-4FF6-A0C1-272CF0C1E32A}.Debug|ARM.ActiveCfg = Debug|Any CPU
		{7635FD57-ACAF-4FF6-A0C1-272CF0C1E32A}.Debug|ARM.Build.0 = Debug|Any CPU
		{7635FD57-ACAF-4FF6-A0C1-272CF0C1E32A}.Debug|x64.ActiveCfg = Debug|x64
		{7635FD57-ACAF-4FF6-A0C1-272CF0C1E32A}.Debug|x64.Build.0 = Debug|x64
		{7635FD57-ACAF-4FF6-A0C1-272CF0C1E32A}.Debug|x86.ActiveCfg = Debug|Any CPU
		{7635FD57-ACAF-4FF6-A0C1-272CF0C1E32A}.Debug|x86.Build.0 = Debug|Any CPU
		{7635FD57-ACAF-4FF6-A0C1-272CF0C1E32A}.Release|Any CPU.ActiveCfg = Release|Any CPU
		{7635FD57-ACAF-4FF6-A0C1-272CF0C1E32A}.Release|Any CPU.Build.0 = Release|Any CPU
		{7635FD57-ACAF-4FF6-A0C1-272CF0C1E32A}.Release|ARM.ActiveCfg = Release|Any CPU
		{7635FD57-ACAF-4FF6-A0C1-272CF0C1E32A}.Release|ARM.Build.0 = Release|Any CPU
		{7635FD57-ACAF-4FF6-A0C1-272CF0C1E32A}.Release|x64.ActiveCfg = Release|Any CPU
		{7635FD57-ACAF-4FF6-A0C1-272CF0C1E32A}.Release|x64.Build.0 = Release|Any CPU
		{7635FD57-ACAF-4FF6-A0C1-272CF0C1E32A}.Release|x86.ActiveCfg = Release|Any CPU
		{7635FD57-ACAF-4FF6-A0C1-272CF0C1E32A}.Release|x86.Build.0 = Release|Any CPU
		{40746371-5CDC-478E-AB38-BCC71FE27856}.Debug|Any CPU.ActiveCfg = Debug|Any CPU
		{40746371-5CDC-478E-AB38-BCC71FE27856}.Debug|Any CPU.Build.0 = Debug|Any CPU
		{40746371-5CDC-478E-AB38-BCC71FE27856}.Debug|ARM.ActiveCfg = Debug|Any CPU
		{40746371-5CDC-478E-AB38-BCC71FE27856}.Debug|ARM.Build.0 = Debug|Any CPU
		{40746371-5CDC-478E-AB38-BCC71FE27856}.Debug|x64.ActiveCfg = Debug|x64
		{40746371-5CDC-478E-AB38-BCC71FE27856}.Debug|x64.Build.0 = Debug|x64
		{40746371-5CDC-478E-AB38-BCC71FE27856}.Debug|x86.ActiveCfg = Debug|Any CPU
		{40746371-5CDC-478E-AB38-BCC71FE27856}.Debug|x86.Build.0 = Debug|Any CPU
		{40746371-5CDC-478E-AB38-BCC71FE27856}.Release|Any CPU.ActiveCfg = Release|Any CPU
		{40746371-5CDC-478E-AB38-BCC71FE27856}.Release|Any CPU.Build.0 = Release|Any CPU
		{40746371-5CDC-478E-AB38-BCC71FE27856}.Release|ARM.ActiveCfg = Release|Any CPU
		{40746371-5CDC-478E-AB38-BCC71FE27856}.Release|ARM.Build.0 = Release|Any CPU
		{40746371-5CDC-478E-AB38-BCC71FE27856}.Release|x64.ActiveCfg = Release|Any CPU
		{40746371-5CDC-478E-AB38-BCC71FE27856}.Release|x64.Build.0 = Release|Any CPU
		{40746371-5CDC-478E-AB38-BCC71FE27856}.Release|x86.ActiveCfg = Release|Any CPU
		{40746371-5CDC-478E-AB38-BCC71FE27856}.Release|x86.Build.0 = Release|Any CPU
	EndGlobalSection
	GlobalSection(SolutionProperties) = preSolution
		HideSolutionNode = FALSE
	EndGlobalSection
	GlobalSection(TeamFoundationVersionControl) = preSolution
		SccNumberOfProjects = 5
		SccEnterpriseProvider = {4CA58AB2-18FA-4F8D-95D4-32DDF27D184C}
		SccTeamFoundationServer = https://trovaricon.visualstudio.com/
		SccLocalPath0 = .
		SccProjectUniqueName1 = MultiK2\\MultiK2.csproj
		SccProjectName1 = MultiK2
		SccLocalPath1 = MultiK2
		SccProjectUniqueName2 = MultiK2Sample\\MultiK2Sample.csproj
		SccProjectName2 = MultiK2Sample
		SccLocalPath2 = MultiK2Sample
		SccProjectUniqueName3 = DesktopKinect\\DesktopKinect.csproj
		SccProjectName3 = DesktopKinect
		SccLocalPath3 = DesktopKinect
		SccProjectUniqueName4 = MultiK2_win32\\MultiK2_win32.csproj
		SccProjectName4 = MultiK2_win32
		SccLocalPath4 = MultiK2_win32
	EndGlobalSection
EndGlobal
